// !$*UTF8*$!
{
	archiveVersion = 1;
	classes = {
	};
	objectVersion = 56;
	objects = {

/* Begin PBXBuildFile section */
		1DC0A0232B1F779000ACF31F /* AppDelegate.swift in Sources */ = {isa = PBXBuildFile; fileRef = 1DC0A0222B1F779000ACF31F /* AppDelegate.swift */; };
		1DC0A0252B1F779000ACF31F /* SceneDelegate.swift in Sources */ = {isa = PBXBuildFile; fileRef = 1DC0A0242B1F779000ACF31F /* SceneDelegate.swift */; };
		1DC0A0272B1F779000ACF31F /* ViewController.swift in Sources */ = {isa = PBXBuildFile; fileRef = 1DC0A0262B1F779000ACF31F /* ViewController.swift */; };
		1DC0A02A2B1F779000ACF31F /* Main.storyboard in Resources */ = {isa = PBXBuildFile; fileRef = 1DC0A0282B1F779000ACF31F /* Main.storyboard */; };
		1DC0A02D2B1F779000ACF31F /* PassThePig.xcdatamodeld in Sources */ = {isa = PBXBuildFile; fileRef = 1DC0A02B2B1F779000ACF31F /* PassThePig.xcdatamodeld */; };
		1DC0A02F2B1F779200ACF31F /* Assets.xcassets in Resources */ = {isa = PBXBuildFile; fileRef = 1DC0A02E2B1F779200ACF31F /* Assets.xcassets */; };
		1DC0A0322B1F779200ACF31F /* LaunchScreen.storyboard in Resources */ = {isa = PBXBuildFile; fileRef = 1DC0A0302B1F779200ACF31F /* LaunchScreen.storyboard */; };
		1DC0A03D2B1F779300ACF31F /* PassThePigTests.swift in Sources */ = {isa = PBXBuildFile; fileRef = 1DC0A03C2B1F779300ACF31F /* PassThePigTests.swift */; };
		1DC0A0472B1F779300ACF31F /* PassThePigUITests.swift in Sources */ = {isa = PBXBuildFile; fileRef = 1DC0A0462B1F779300ACF31F /* PassThePigUITests.swift */; };
		1DC0A0492B1F779300ACF31F /* PassThePigUITestsLaunchTests.swift in Sources */ = {isa = PBXBuildFile; fileRef = 1DC0A0482B1F779300ACF31F /* PassThePigUITestsLaunchTests.swift */; };
		1DC0A0562B20C6D100ACF31F /* ViewControllerPlay.swift in Sources */ = {isa = PBXBuildFile; fileRef = 1DC0A0552B20C6D100ACF31F /* ViewControllerPlay.swift */; };
		1DC0A0582B20C6FF00ACF31F /* ViewControllerPlayers.swift in Sources */ = {isa = PBXBuildFile; fileRef = 1DC0A0572B20C6FF00ACF31F /* ViewControllerPlayers.swift */; };
		1DC0A05A2B226F4300ACF31F /* doubleTrotter.png in Resources */ = {isa = PBXBuildFile; fileRef = 1DC0A0592B226F4300ACF31F /* doubleTrotter.png */; };
/* End PBXBuildFile section */

/* Begin PBXContainerItemProxy section */
		1DC0A0392B1F779300ACF31F /* PBXContainerItemProxy */ = {
			isa = PBXContainerItemProxy;
			containerPortal = 1DC0A0172B1F779000ACF31F /* Project object */;
			proxyType = 1;
			remoteGlobalIDString = 1DC0A01E2B1F779000ACF31F;
			remoteInfo = PassThePig;
		};
		1DC0A0432B1F779300ACF31F /* PBXContainerItemProxy */ = {
			isa = PBXContainerItemProxy;
			containerPortal = 1DC0A0172B1F779000ACF31F /* Project object */;
			proxyType = 1;
			remoteGlobalIDString = 1DC0A01E2B1F779000ACF31F;
			remoteInfo = PassThePig;
		};
/* End PBXContainerItemProxy section */

/* Begin PBXFileReference section */
		1DC0A01F2B1F779000ACF31F /* PassThePig.app */ = {isa = PBXFileReference; explicitFileType = wrapper.application; includeInIndex = 0; path = PassThePig.app; sourceTree = BUILT_PRODUCTS_DIR; };
		1DC0A0222B1F779000ACF31F /* AppDelegate.swift */ = {isa = PBXFileReference; lastKnownFileType = sourcecode.swift; path = AppDelegate.swift; sourceTree = "<group>"; };
		1DC0A0242B1F779000ACF31F /* SceneDelegate.swift */ = {isa = PBXFileReference; lastKnownFileType = sourcecode.swift; path = SceneDelegate.swift; sourceTree = "<group>"; };
		1DC0A0262B1F779000ACF31F /* ViewController.swift */ = {isa = PBXFileReference; lastKnownFileType = sourcecode.swift; path = ViewController.swift; sourceTree = "<group>"; };
		1DC0A0292B1F779000ACF31F /* Base */ = {isa = PBXFileReference; lastKnownFileType = file.storyboard; name = Base; path = Base.lproj/Main.storyboard; sourceTree = "<group>"; };
		1DC0A02C2B1F779000ACF31F /* PassThePig.xcdatamodel */ = {isa = PBXFileReference; lastKnownFileType = wrapper.xcdatamodel; path = PassThePig.xcdatamodel; sourceTree = "<group>"; };
		1DC0A02E2B1F779200ACF31F /* Assets.xcassets */ = {isa = PBXFileReference; lastKnownFileType = folder.assetcatalog; path = Assets.xcassets; sourceTree = "<group>"; };
		1DC0A0312B1F779200ACF31F /* Base */ = {isa = PBXFileReference; lastKnownFileType = file.storyboard; name = Base; path = Base.lproj/LaunchScreen.storyboard; sourceTree = "<group>"; };
		1DC0A0332B1F779200ACF31F /* Info.plist */ = {isa = PBXFileReference; lastKnownFileType = text.plist.xml; path = Info.plist; sourceTree = "<group>"; };
		1DC0A0382B1F779300ACF31F /* PassThePigTests.xctest */ = {isa = PBXFileReference; explicitFileType = wrapper.cfbundle; includeInIndex = 0; path = PassThePigTests.xctest; sourceTree = BUILT_PRODUCTS_DIR; };
		1DC0A03C2B1F779300ACF31F /* PassThePigTests.swift */ = {isa = PBXFileReference; lastKnownFileType = sourcecode.swift; path = PassThePigTests.swift; sourceTree = "<group>"; };
		1DC0A0422B1F779300ACF31F /* PassThePigUITests.xctest */ = {isa = PBXFileReference; explicitFileType = wrapper.cfbundle; includeInIndex = 0; path = PassThePigUITests.xctest; sourceTree = BUILT_PRODUCTS_DIR; };
		1DC0A0462B1F779300ACF31F /* PassThePigUITests.swift */ = {isa = PBXFileReference; lastKnownFileType = sourcecode.swift; path = PassThePigUITests.swift; sourceTree = "<group>"; };
		1DC0A0482B1F779300ACF31F /* PassThePigUITestsLaunchTests.swift */ = {isa = PBXFileReference; lastKnownFileType = sourcecode.swift; path = PassThePigUITestsLaunchTests.swift; sourceTree = "<group>"; };
		1DC0A0552B20C6D100ACF31F /* ViewControllerPlay.swift */ = {isa = PBXFileReference; lastKnownFileType = sourcecode.swift; path = ViewControllerPlay.swift; sourceTree = "<group>"; };
		1DC0A0572B20C6FF00ACF31F /* ViewControllerPlayers.swift */ = {isa = PBXFileReference; lastKnownFileType = sourcecode.swift; path = ViewControllerPlayers.swift; sourceTree = "<group>"; };
		1DC0A0592B226F4300ACF31F /* doubleTrotter.png */ = {isa = PBXFileReference; lastKnownFileType = image.png; path = doubleTrotter.png; sourceTree = "<group>"; };
/* End PBXFileReference section */

/* Begin PBXFrameworksBuildPhase section */
		1DC0A01C2B1F779000ACF31F /* Frameworks */ = {
			isa = PBXFrameworksBuildPhase;
			buildActionMask = 2147483647;
			files = (
			);
			runOnlyForDeploymentPostprocessing = 0;
		};
		1DC0A0352B1F779300ACF31F /* Frameworks */ = {
			isa = PBXFrameworksBuildPhase;
			buildActionMask = 2147483647;
			files = (
			);
			runOnlyForDeploymentPostprocessing = 0;
		};
		1DC0A03F2B1F779300ACF31F /* Frameworks */ = {
			isa = PBXFrameworksBuildPhase;
			buildActionMask = 2147483647;
			files = (
			);
			runOnlyForDeploymentPostprocessing = 0;
		};
/* End PBXFrameworksBuildPhase section */

/* Begin PBXGroup section */
		1DC0A0162B1F779000ACF31F = {
			isa = PBXGroup;
			children = (
				1DC0A0212B1F779000ACF31F /* PassThePig */,
				1DC0A03B2B1F779300ACF31F /* PassThePigTests */,
				1DC0A0452B1F779300ACF31F /* PassThePigUITests */,
				1DC0A0202B1F779000ACF31F /* Products */,
			);
			sourceTree = "<group>";
		};
		1DC0A0202B1F779000ACF31F /* Products */ = {
			isa = PBXGroup;
			children = (
				1DC0A01F2B1F779000ACF31F /* PassThePig.app */,
				1DC0A0382B1F779300ACF31F /* PassThePigTests.xctest */,
				1DC0A0422B1F779300ACF31F /* PassThePigUITests.xctest */,
			);
			name = Products;
			sourceTree = "<group>";
		};
		1DC0A0212B1F779000ACF31F /* PassThePig */ = {
			isa = PBXGroup;
			children = (
				1DC0A0222B1F779000ACF31F /* AppDelegate.swift */,
				1DC0A0242B1F779000ACF31F /* SceneDelegate.swift */,
				1DC0A0262B1F779000ACF31F /* ViewController.swift */,
				1DC0A0282B1F779000ACF31F /* Main.storyboard */,
				1DC0A0572B20C6FF00ACF31F /* ViewControllerPlayers.swift */,
				1DC0A0592B226F4300ACF31F /* doubleTrotter.png */,
				1DC0A0552B20C6D100ACF31F /* ViewControllerPlay.swift */,
				1DC0A02E2B1F779200ACF31F /* Assets.xcassets */,
				1DC0A0302B1F779200ACF31F /* LaunchScreen.storyboard */,
				1DC0A0332B1F779200ACF31F /* Info.plist */,
				1DC0A02B2B1F779000ACF31F /* PassThePig.xcdatamodeld */,
			);
			path = PassThePig;
			sourceTree = "<group>";
		};
		1DC0A03B2B1F779300ACF31F /* PassThePigTests */ = {
			isa = PBXGroup;
			children = (
				1DC0A03C2B1F779300ACF31F /* PassThePigTests.swift */,
			);
			path = PassThePigTests;
			sourceTree = "<group>";
		};
		1DC0A0452B1F779300ACF31F /* PassThePigUITests */ = {
			isa = PBXGroup;
			children = (
				1DC0A0462B1F779300ACF31F /* PassThePigUITests.swift */,
				1DC0A0482B1F779300ACF31F /* PassThePigUITestsLaunchTests.swift */,
			);
			path = PassThePigUITests;
			sourceTree = "<group>";
		};
/* End PBXGroup section */

/* Begin PBXNativeTarget section */
		1DC0A01E2B1F779000ACF31F /* PassThePig */ = {
			isa = PBXNativeTarget;
			buildConfigurationList = 1DC0A04C2B1F779300ACF31F /* Build configuration list for PBXNativeTarget "PassThePig" */;
			buildPhases = (
				1DC0A01B2B1F779000ACF31F /* Sources */,
				1DC0A01C2B1F779000ACF31F /* Frameworks */,
				1DC0A01D2B1F779000ACF31F /* Resources */,
			);
			buildRules = (
			);
			dependencies = (
			);
			name = PassThePig;
			productName = PassThePig;
			productReference = 1DC0A01F2B1F779000ACF31F /* PassThePig.app */;
			productType = "com.apple.product-type.application";
		};
		1DC0A0372B1F779300ACF31F /* PassThePigTests */ = {
			isa = PBXNativeTarget;
			buildConfigurationList = 1DC0A04F2B1F779300ACF31F /* Build configuration list for PBXNativeTarget "PassThePigTests" */;
			buildPhases = (
				1DC0A0342B1F779300ACF31F /* Sources */,
				1DC0A0352B1F779300ACF31F /* Frameworks */,
				1DC0A0362B1F779300ACF31F /* Resources */,
			);
			buildRules = (
			);
			dependencies = (
				1DC0A03A2B1F779300ACF31F /* PBXTargetDependency */,
			);
			name = PassThePigTests;
			productName = PassThePigTests;
			productReference = 1DC0A0382B1F779300ACF31F /* PassThePigTests.xctest */;
			productType = "com.apple.product-type.bundle.unit-test";
		};
		1DC0A0412B1F779300ACF31F /* PassThePigUITests */ = {
			isa = PBXNativeTarget;
			buildConfigurationList = 1DC0A0522B1F779300ACF31F /* Build configuration list for PBXNativeTarget "PassThePigUITests" */;
			buildPhases = (
				1DC0A03E2B1F779300ACF31F /* Sources */,
				1DC0A03F2B1F779300ACF31F /* Frameworks */,
				1DC0A0402B1F779300ACF31F /* Resources */,
			);
			buildRules = (
			);
			dependencies = (
				1DC0A0442B1F779300ACF31F /* PBXTargetDependency */,
			);
			name = PassThePigUITests;
			productName = PassThePigUITests;
			productReference = 1DC0A0422B1F779300ACF31F /* PassThePigUITests.xctest */;
			productType = "com.apple.product-type.bundle.ui-testing";
		};
/* End PBXNativeTarget section */

/* Begin PBXProject section */
		1DC0A0172B1F779000ACF31F /* Project object */ = {
			isa = PBXProject;
			attributes = {
				BuildIndependentTargetsInParallel = 1;
				LastSwiftUpdateCheck = 1500;
				LastUpgradeCheck = 1500;
				TargetAttributes = {
					1DC0A01E2B1F779000ACF31F = {
						CreatedOnToolsVersion = 15.0.1;
					};
					1DC0A0372B1F779300ACF31F = {
						CreatedOnToolsVersion = 15.0.1;
						TestTargetID = 1DC0A01E2B1F779000ACF31F;
					};
					1DC0A0412B1F779300ACF31F = {
						CreatedOnToolsVersion = 15.0.1;
						TestTargetID = 1DC0A01E2B1F779000ACF31F;
					};
				};
			};
			buildConfigurationList = 1DC0A01A2B1F779000ACF31F /* Build configuration list for PBXProject "PassThePig" */;
			compatibilityVersion = "Xcode 14.0";
			developmentRegion = en;
			hasScannedForEncodings = 0;
			knownRegions = (
				en,
				Base,
			);
			mainGroup = 1DC0A0162B1F779000ACF31F;
			productRefGroup = 1DC0A0202B1F779000ACF31F /* Products */;
			projectDirPath = "";
			projectRoot = "";
			targets = (
				1DC0A01E2B1F779000ACF31F /* PassThePig */,
				1DC0A0372B1F779300ACF31F /* PassThePigTests */,
				1DC0A0412B1F779300ACF31F /* PassThePigUITests */,
			);
		};
/* End PBXProject section */

/* Begin PBXResourcesBuildPhase section */
		1DC0A01D2B1F779000ACF31F /* Resources */ = {
			isa = PBXResourcesBuildPhase;
			buildActionMask = 2147483647;
			files = (
				1DC0A0322B1F779200ACF31F /* LaunchScreen.storyboard in Resources */,
				1DC0A02F2B1F779200ACF31F /* Assets.xcassets in Resources */,
				1DC0A05A2B226F4300ACF31F /* doubleTrotter.png in Resources */,
				1DC0A02A2B1F779000ACF31F /* Main.storyboard in Resources */,
			);
			runOnlyForDeploymentPostprocessing = 0;
		};
		1DC0A0362B1F779300ACF31F /* Resources */ = {
			isa = PBXResourcesBuildPhase;
			buildActionMask = 2147483647;
			files = (
			);
			runOnlyForDeploymentPostprocessing = 0;
		};
		1DC0A0402B1F779300ACF31F /* Resources */ = {
			isa = PBXResourcesBuildPhase;
			buildActionMask = 2147483647;
			files = (
			);
			runOnlyForDeploymentPostprocessing = 0;
		};
/* End PBXResourcesBuildPhase section */

/* Begin PBXSourcesBuildPhase section */
		1DC0A01B2B1F779000ACF31F /* Sources */ = {
			isa = PBXSourcesBuildPhase;
			buildActionMask = 2147483647;
			files = (
				1DC0A0272B1F779000ACF31F /* ViewController.swift in Sources */,
				1DC0A0232B1F779000ACF31F /* AppDelegate.swift in Sources */,
				1DC0A0252B1F779000ACF31F /* SceneDelegate.swift in Sources */,
				1DC0A02D2B1F779000ACF31F /* PassThePig.xcdatamodeld in Sources */,
				1DC0A0562B20C6D100ACF31F /* ViewControllerPlay.swift in Sources */,
				1DC0A0582B20C6FF00ACF31F /* ViewControllerPlayers.swift in Sources */,
			);
			runOnlyForDeploymentPostprocessing = 0;
		};
		1DC0A0342B1F779300ACF31F /* Sources */ = {
			isa = PBXSourcesBuildPhase;
			buildActionMask = 2147483647;
			files = (
				1DC0A03D2B1F779300ACF31F /* PassThePigTests.swift in Sources */,
			);
			runOnlyForDeploymentPostprocessing = 0;
		};
		1DC0A03E2B1F779300ACF31F /* Sources */ = {
			isa = PBXSourcesBuildPhase;
			buildActionMask = 2147483647;
			files = (
				1DC0A0492B1F779300ACF31F /* PassThePigUITestsLaunchTests.swift in Sources */,
				1DC0A0472B1F779300ACF31F /* PassThePigUITests.swift in Sources */,
			);
			runOnlyForDeploymentPostprocessing = 0;
		};
/* End PBXSourcesBuildPhase section */

/* Begin PBXTargetDependency section */
		1DC0A03A2B1F779300ACF31F /* PBXTargetDependency */ = {
			isa = PBXTargetDependency;
			target = 1DC0A01E2B1F779000ACF31F /* PassThePig */;
			targetProxy = 1DC0A0392B1F779300ACF31F /* PBXContainerItemProxy */;
		};
		1DC0A0442B1F779300ACF31F /* PBXTargetDependency */ = {
			isa = PBXTargetDependency;
			target = 1DC0A01E2B1F779000ACF31F /* PassThePig */;
			targetProxy = 1DC0A0432B1F779300ACF31F /* PBXContainerItemProxy */;
		};
/* End PBXTargetDependency section */

/* Begin PBXVariantGroup section */
		1DC0A0282B1F779000ACF31F /* Main.storyboard */ = {
			isa = PBXVariantGroup;
			children = (
				1DC0A0292B1F779000ACF31F /* Base */,
			);
			name = Main.storyboard;
			sourceTree = "<group>";
		};
		1DC0A0302B1F779200ACF31F /* LaunchScreen.storyboard */ = {
			isa = PBXVariantGroup;
			children = (
				1DC0A0312B1F779200ACF31F /* Base */,
			);
			name = LaunchScreen.storyboard;
			sourceTree = "<group>";
		};
/* End PBXVariantGroup section */

/* Begin XCBuildConfiguration section */
		1DC0A04A2B1F779300ACF31F /* Debug */ = {
			isa = XCBuildConfiguration;
			buildSettings = {
				ALWAYS_SEARCH_USER_PATHS = NO;
				ASSETCATALOG_COMPILER_GENERATE_SWIFT_ASSET_SYMBOL_EXTENSIONS = YES;
				CLANG_ANALYZER_NONNULL = YES;
				CLANG_ANALYZER_NUMBER_OBJECT_CONVERSION = YES_AGGRESSIVE;
				CLANG_CXX_LANGUAGE_STANDARD = "gnu++20";
				CLANG_ENABLE_MODULES = YES;
				CLANG_ENABLE_OBJC_ARC = YES;
				CLANG_ENABLE_OBJC_WEAK = YES;
				CLANG_WARN_BLOCK_CAPTURE_AUTORELEASING = YES;
				CLANG_WARN_BOOL_CONVERSION = YES;
				CLANG_WARN_COMMA = YES;
				CLANG_WARN_CONSTANT_CONVERSION = YES;
				CLANG_WARN_DEPRECATED_OBJC_IMPLEMENTATIONS = YES;
				CLANG_WARN_DIRECT_OBJC_ISA_USAGE = YES_ERROR;
				CLANG_WARN_DOCUMENTATION_COMMENTS = YES;
				CLANG_WARN_EMPTY_BODY = YES;
				CLANG_WARN_ENUM_CONVERSION = YES;
				CLANG_WARN_INFINITE_RECURSION = YES;
				CLANG_WARN_INT_CONVERSION = YES;
				CLANG_WARN_NON_LITERAL_NULL_CONVERSION = YES;
				CLANG_WARN_OBJC_IMPLICIT_RETAIN_SELF = YES;
				CLANG_WARN_OBJC_LITERAL_CONVERSION = YES;
				CLANG_WARN_OBJC_ROOT_CLASS = YES_ERROR;
				CLANG_WARN_QUOTED_INCLUDE_IN_FRAMEWORK_HEADER = YES;
				CLANG_WARN_RANGE_LOOP_ANALYSIS = YES;
				CLANG_WARN_STRICT_PROTOTYPES = YES;
				CLANG_WARN_SUSPICIOUS_MOVE = YES;
				CLANG_WARN_UNGUARDED_AVAILABILITY = YES_AGGRESSIVE;
				CLANG_WARN_UNREACHABLE_CODE = YES;
				CLANG_WARN__DUPLICATE_METHOD_MATCH = YES;
				COPY_PHASE_STRIP = NO;
				DEBUG_INFORMATION_FORMAT = dwarf;
				ENABLE_STRICT_OBJC_MSGSEND = YES;
				ENABLE_TESTABILITY = YES;
				ENABLE_USER_SCRIPT_SANDBOXING = YES;
				GCC_C_LANGUAGE_STANDARD = gnu17;
				GCC_DYNAMIC_NO_PIC = NO;
				GCC_NO_COMMON_BLOCKS = YES;
				GCC_OPTIMIZATION_LEVEL = 0;
				GCC_PREPROCESSOR_DEFINITIONS = (
					"DEBUG=1",
					"$(inherited)",
				);
				GCC_WARN_64_TO_32_BIT_CONVERSION = YES;
				GCC_WARN_ABOUT_RETURN_TYPE = YES_ERROR;
				GCC_WARN_UNDECLARED_SELECTOR = YES;
				GCC_WARN_UNINITIALIZED_AUTOS = YES_AGGRESSIVE;
				GCC_WARN_UNUSED_FUNCTION = YES;
				GCC_WARN_UNUSED_VARIABLE = YES;
				IPHONEOS_DEPLOYMENT_TARGET = 17.0;
				LOCALIZATION_PREFERS_STRING_CATALOGS = YES;
				MTL_ENABLE_DEBUG_INFO = INCLUDE_SOURCE;
				MTL_FAST_MATH = YES;
				ONLY_ACTIVE_ARCH = YES;
				SDKROOT = iphoneos;
				SWIFT_ACTIVE_COMPILATION_CONDITIONS = "DEBUG $(inherited)";
				SWIFT_OPTIMIZATION_LEVEL = "-Onone";
			};
			name = Debug;
		};
		1DC0A04B2B1F779300ACF31F /* Release */ = {
			isa = XCBuildConfiguration;
			buildSettings = {
				ALWAYS_SEARCH_USER_PATHS = NO;
				ASSETCATALOG_COMPILER_GENERATE_SWIFT_ASSET_SYMBOL_EXTENSIONS = YES;
				CLANG_ANALYZER_NONNULL = YES;
				CLANG_ANALYZER_NUMBER_OBJECT_CONVERSION = YES_AGGRESSIVE;
				CLANG_CXX_LANGUAGE_STANDARD = "gnu++20";
				CLANG_ENABLE_MODULES = YES;
				CLANG_ENABLE_OBJC_ARC = YES;
				CLANG_ENABLE_OBJC_WEAK = YES;
				CLANG_WARN_BLOCK_CAPTURE_AUTORELEASING = YES;
				CLANG_WARN_BOOL_CONVERSION = YES;
				CLANG_WARN_COMMA = YES;
				CLANG_WARN_CONSTANT_CONVERSION = YES;
				CLANG_WARN_DEPRECATED_OBJC_IMPLEMENTATIONS = YES;
				CLANG_WARN_DIRECT_OBJC_ISA_USAGE = YES_ERROR;
				CLANG_WARN_DOCUMENTATION_COMMENTS = YES;
				CLANG_WARN_EMPTY_BODY = YES;
				CLANG_WARN_ENUM_CONVERSION = YES;
				CLANG_WARN_INFINITE_RECURSION = YES;
				CLANG_WARN_INT_CONVERSION = YES;
				CLANG_WARN_NON_LITERAL_NULL_CONVERSION = YES;
				CLANG_WARN_OBJC_IMPLICIT_RETAIN_SELF = YES;
				CLANG_WARN_OBJC_LITERAL_CONVERSION = YES;
				CLANG_WARN_OBJC_ROOT_CLASS = YES_ERROR;
				CLANG_WARN_QUOTED_INCLUDE_IN_FRAMEWORK_HEADER = YES;
				CLANG_WARN_RANGE_LOOP_ANALYSIS = YES;
				CLANG_WARN_STRICT_PROTOTYPES = YES;
				CLANG_WARN_SUSPICIOUS_MOVE = YES;
				CLANG_WARN_UNGUARDED_AVAILABILITY = YES_AGGRESSIVE;
				CLANG_WARN_UNREACHABLE_CODE = YES;
				CLANG_WARN__DUPLICATE_METHOD_MATCH = YES;
				COPY_PHASE_STRIP = NO;
				DEBUG_INFORMATION_FORMAT = "dwarf-with-dsym";
				ENABLE_NS_ASSERTIONS = NO;
				ENABLE_STRICT_OBJC_MSGSEND = YES;
				ENABLE_USER_SCRIPT_SANDBOXING = YES;
				GCC_C_LANGUAGE_STANDARD = gnu17;
				GCC_NO_COMMON_BLOCKS = YES;
				GCC_WARN_64_TO_32_BIT_CONVERSION = YES;
				GCC_WARN_ABOUT_RETURN_TYPE = YES_ERROR;
				GCC_WARN_UNDECLARED_SELECTOR = YES;
				GCC_WARN_UNINITIALIZED_AUTOS = YES_AGGRESSIVE;
				GCC_WARN_UNUSED_FUNCTION = YES;
				GCC_WARN_UNUSED_VARIABLE = YES;
				IPHONEOS_DEPLOYMENT_TARGET = 17.0;
				LOCALIZATION_PREFERS_STRING_CATALOGS = YES;
				MTL_ENABLE_DEBUG_INFO = NO;
				MTL_FAST_MATH = YES;
				SDKROOT = iphoneos;
				SWIFT_COMPILATION_MODE = wholemodule;
				VALIDATE_PRODUCT = YES;
			};
			name = Release;
		};
		1DC0A04D2B1F779300ACF31F /* Debug */ = {
			isa = XCBuildConfiguration;
			buildSettings = {
				ASSETCATALOG_COMPILER_APPICON_NAME = AppIcon;
				ASSETCATALOG_COMPILER_GLOBAL_ACCENT_COLOR_NAME = AccentColor;
				CODE_SIGN_STYLE = Automatic;
				CURRENT_PROJECT_VERSION = 1;
				DEVELOPMENT_TEAM = TLWU6VMNZ7;
				GENERATE_INFOPLIST_FILE = YES;
				INFOPLIST_FILE = PassThePig/Info.plist;
				INFOPLIST_KEY_UIApplicationSupportsIndirectInputEvents = YES;
				INFOPLIST_KEY_UILaunchStoryboardName = LaunchScreen;
				INFOPLIST_KEY_UIMainStoryboardFile = Main;
				INFOPLIST_KEY_UISupportedInterfaceOrientations_iPad = "UIInterfaceOrientationPortrait UIInterfaceOrientationPortraitUpsideDown UIInterfaceOrientationLandscapeLeft UIInterfaceOrientationLandscapeRight";
				INFOPLIST_KEY_UISupportedInterfaceOrientations_iPhone = "UIInterfaceOrientationPortrait UIInterfaceOrientationLandscapeLeft UIInterfaceOrientationLandscapeRight";
				LD_RUNPATH_SEARCH_PATHS = (
					"$(inherited)",
					"@executable_path/Frameworks",
				);
				MARKETING_VERSION = 1.0;
				PRODUCT_BUNDLE_IDENTIFIER = "Avery-Doodle.PassThePig";
				PRODUCT_NAME = "$(TARGET_NAME)";
				SWIFT_EMIT_LOC_STRINGS = YES;
				SWIFT_VERSION = 5.0;
				TARGETED_DEVICE_FAMILY = "1,2";
			};
			name = Debug;
		};
		1DC0A04E2B1F779300ACF31F /* Release */ = {
			isa = XCBuildConfiguration;
			buildSettings = {
				ASSETCATALOG_COMPILER_APPICON_NAME = AppIcon;
				ASSETCATALOG_COMPILER_GLOBAL_ACCENT_COLOR_NAME = AccentColor;
				CODE_SIGN_STYLE = Automatic;
				CURRENT_PROJECT_VERSION = 1;
				DEVELOPMENT_TEAM = TLWU6VMNZ7;
				GENERATE_INFOPLIST_FILE = YES;
				INFOPLIST_FILE = PassThePig/Info.plist;
				INFOPLIST_KEY_UIApplicationSupportsIndirectInputEvents = YES;
				INFOPLIST_KEY_UILaunchStoryboardName = LaunchScreen;
				INFOPLIST_KEY_UIMainStoryboardFile = Main;
				INFOPLIST_KEY_UISupportedInterfaceOrientations_iPad = "UIInterfaceOrientationPortrait UIInterfaceOrientationPortraitUpsideDown UIInterfaceOrientationLandscapeLeft UIInterfaceOrientationLandscapeRight";
				INFOPLIST_KEY_UISupportedInterfaceOrientations_iPhone = "UIInterfaceOrientationPortrait UIInterfaceOrientationLandscapeLeft UIInterfaceOrientationLandscapeRight";
				LD_RUNPATH_SEARCH_PATHS = (
					"$(inherited)",
					"@executable_path/Frameworks",
				);
				MARKETING_VERSION = 1.0;
				PRODUCT_BUNDLE_IDENTIFIER = "Avery-Doodle.PassThePig";
				PRODUCT_NAME = "$(TARGET_NAME)";
				SWIFT_EMIT_LOC_STRINGS = YES;
				SWIFT_VERSION = 5.0;
				TARGETED_DEVICE_FAMILY = "1,2";
			};
			name = Release;
		};
		1DC0A0502B1F779300ACF31F /* Debug */ = {
			isa = XCBuildConfiguration;
			buildSettings = {
				ALWAYS_EMBED_SWIFT_STANDARD_LIBRARIES = YES;
				BUNDLE_LOADER = "$(TEST_HOST)";
				CODE_SIGN_STYLE = Automatic;
				CURRENT_PROJECT_VERSION = 1;
				DEVELOPMENT_TEAM = TLWU6VMNZ7;
				GENERATE_INFOPLIST_FILE = YES;
				IPHONEOS_DEPLOYMENT_TARGET = 17.0;
				MARKETING_VERSION = 1.0;
				PRODUCT_BUNDLE_IDENTIFIER = "Avery-Doodle.PassThePigTests";
				PRODUCT_NAME = "$(TARGET_NAME)";
				SWIFT_EMIT_LOC_STRINGS = NO;
				SWIFT_VERSION = 5.0;
				TARGETED_DEVICE_FAMILY = "1,2";
				TEST_HOST = "$(BUILT_PRODUCTS_DIR)/PassThePig.app/$(BUNDLE_EXECUTABLE_FOLDER_PATH)/PassThePig";
			};
			name = Debug;
		};
		1DC0A0512B1F779300ACF31F /* Release */ = {
			isa = XCBuildConfiguration;
			buildSettings = {
				ALWAYS_EMBED_SWIFT_STANDARD_LIBRARIES = YES;
				BUNDLE_LOADER = "$(TEST_HOST)";
				CODE_SIGN_STYLE = Automatic;
				CURRENT_PROJECT_VERSION = 1;
				DEVELOPMENT_TEAM = TLWU6VMNZ7;
				GENERATE_INFOPLIST_FILE = YES;
				IPHONEOS_DEPLOYMENT_TARGET = 17.0;
				MARKETING_VERSION = 1.0;
				PRODUCT_BUNDLE_IDENTIFIER = "Avery-Doodle.PassThePigTests";
				PRODUCT_NAME = "$(TARGET_NAME)";
				SWIFT_EMIT_LOC_STRINGS = NO;
				SWIFT_VERSION = 5.0;
				TARGETED_DEVICE_FAMILY = "1,2";
				TEST_HOST = "$(BUILT_PRODUCTS_DIR)/PassThePig.app/$(BUNDLE_EXECUTABLE_FOLDER_PATH)/PassThePig";
			};
			name = Release;
		};
		1DC0A0532B1F779300ACF31F /* Debug */ = {
			isa = XCBuildConfiguration;
			buildSettings = {
				ALWAYS_EMBED_SWIFT_STANDARD_LIBRARIES = YES;
				CODE_SIGN_STYLE = Automatic;
				CURRENT_PROJECT_VERSION = 1;
				DEVELOPMENT_TEAM = TLWU6VMNZ7;
				GENERATE_INFOPLIST_FILE = YES;
				MARKETING_VERSION = 1.0;
				PRODUCT_BUNDLE_IDENTIFIER = "Avery-Doodle.PassThePigUITests";
				PRODUCT_NAME = "$(TARGET_NAME)";
				SWIFT_EMIT_LOC_STRINGS = NO;
				SWIFT_VERSION = 5.0;
				TARGETED_DEVICE_FAMILY = "1,2";
				TEST_TARGET_NAME = PassThePig;
			};
			name = Debug;
		};
		1DC0A0542B1F779300ACF31F /* Release */ = {
			isa = XCBuildConfiguration;
			buildSettings = {
				ALWAYS_EMBED_SWIFT_STANDARD_LIBRARIES = YES;
				CODE_SIGN_STYLE = Automatic;
				CURRENT_PROJECT_VERSION = 1;
				DEVELOPMENT_TEAM = TLWU6VMNZ7;
				GENERATE_INFOPLIST_FILE = YES;
				MARKETING_VERSION = 1.0;
				PRODUCT_BUNDLE_IDENTIFIER = "Avery-Doodle.PassThePigUITests";
				PRODUCT_NAME = "$(TARGET_NAME)";
				SWIFT_EMIT_LOC_STRINGS = NO;
				SWIFT_VERSION = 5.0;
				TARGETED_DEVICE_FAMILY = "1,2";
				TEST_TARGET_NAME = PassThePig;
			};
			name = Release;
		};
/* End XCBuildConfiguration section */

/* Begin XCConfigurationList section */
		1DC0A01A2B1F779000ACF31F /* Build configuration list for PBXProject "PassThePig" */ = {
			isa = XCConfigurationList;
			buildConfigurations = (
				1DC0A04A2B1F779300ACF31F /* Debug */,
				1DC0A04B2B1F779300ACF31F /* Release */,
			);
			defaultConfigurationIsVisible = 0;
			defaultConfigurationName = Release;
		};
		1DC0A04C2B1F779300ACF31F /* Build configuration list for PBXNativeTarget "PassThePig" */ = {
			isa = XCConfigurationList;
			buildConfigurations = (
				1DC0A04D2B1F779300ACF31F /* Debug */,
				1DC0A04E2B1F779300ACF31F /* Release */,
			);
			defaultConfigurationIsVisible = 0;
			defaultConfigurationName = Release;
		};
		1DC0A04F2B1F779300ACF31F /* Build configuration list for PBXNativeTarget "PassThePigTests" */ = {
			isa = XCConfigurationList;
			buildConfigurations = (
				1DC0A0502B1F779300ACF31F /* Debug */,
				1DC0A0512B1F779300ACF31F /* Release */,
			);
			defaultConfigurationIsVisible = 0;
			defaultConfigurationName = Release;
		};
		1DC0A0522B1F779300ACF31F /* Build configuration list for PBXNativeTarget "PassThePigUITests" */ = {
			isa = XCConfigurationList;
			buildConfigurations = (
				1DC0A0532B1F779300ACF31F /* Debug */,
				1DC0A0542B1F779300ACF31F /* Release */,
			);
			defaultConfigurationIsVisible = 0;
			defaultConfigurationName = Release;
		};
/* End XCConfigurationList section */

/* Begin XCVersionGroup section */
		1DC0A02B2B1F779000ACF31F /* PassThePig.xcdatamodeld */ = {
			isa = XCVersionGroup;
			children = (
				1DC0A02C2B1F779000ACF31F /* PassThePig.xcdatamodel */,
			);
			currentVersion = 1DC0A02C2B1F779000ACF31F /* PassThePig.xcdatamodel */;
			path = PassThePig.xcdatamodeld;
			sourceTree = "<group>";
			versionGroupType = wrapper.xcdatamodel;
		};
/* End XCVersionGroup section */
	};
	rootObject = 1DC0A0172B1F779000ACF31F /* Project object */;
}
